// !$*UTF8*$!
{
	archiveVersion = 1;
	classes = {
	};
	objectVersion = 77;
	objects = {

/* Begin PBXContainerItemProxy section */
		B09640632F81E66500D21C35 /* PBXContainerItemProxy */ = {
			isa = PBXContainerItemProxy;
			containerPortal = B09640442F81E66400D21C35 /* Project object */;
			proxyType = 1;
			remoteGlobalIDString = B096404B2F81E66400D21C35;
			remoteInfo = "MVC-UIKit-UserList-App";
		};
		B096406D2F81E66500D21C35 /* PBXContainerItemProxy */ = {
			isa = PBXContainerItemProxy;
			containerPortal = B09640442F81E66400D21C35 /* Project object */;
			proxyType = 1;
			remoteGlobalIDString = B096404B2F81E66400D21C35;
			remoteInfo = "MVC-UIKit-UserList-App";
		};
/* End PBXContainerItemProxy section */

/* Begin PBXFileReference section */
		B096404C2F81E66400D21C35 /* MVC-UIKit-UserList-App.app */ = {isa = PBXFileReference; explicitFileType = wrapper.application; includeInIndex = 0; path = "MVC-UIKit-UserList-App.app"; sourceTree = BUILT_PRODUCTS_DIR; };
		B09640622F81E66500D21C35 /* MVC-UIKit-UserList-AppTests.xctest */ = {isa = PBXFileReference; explicitFileType = wrapper.cfbundle; includeInIndex = 0; path = "MVC-UIKit-UserList-AppTests.xctest"; sourceTree = BUILT_PRODUCTS_DIR; };
		B096406C2F81E66500D21C35 /* MVC-UIKit-UserList-AppUITests.xctest */ = {isa = PBXFileReference; explicitFileType = wrapper.cfbundle; includeInIndex = 0; path = "MVC-UIKit-UserList-AppUITests.xctest"; sourceTree = BUILT_PRODUCTS_DIR; };
/* End PBXFileReference section */

/* Begin PBXFileSystemSynchronizedBuildFileExceptionSet section */
		B09640742F81E66500D21C35 /* Exceptions for "MVC-UIKit-UserList-App" folder in "MVC-UIKit-UserList-App" target */ = {
			isa = PBXFileSystemSynchronizedBuildFileExceptionSet;
			membershipExceptions = (
				Info.plist,
			);
			target = B096404B2F81E66400D21C35 /* MVC-UIKit-UserList-App */;
		};
/* End PBXFileSystemSynchronizedBuildFileExceptionSet section */

/* Begin PBXFileSystemSynchronizedRootGroup section */
		B096404E2F81E66400D21C35 /* MVC-UIKit-UserList-App */ = {
			isa = PBXFileSystemSynchronizedRootGroup;
			exceptions = (
				B09640742F81E66500D21C35 /* Exceptions for "MVC-UIKit-UserList-App" folder in "MVC-UIKit-UserList-App" target */,
			);
			path = "MVC-UIKit-UserList-App";
			sourceTree = "<group>";
		};
		B09640652F81E66500D21C35 /* MVC-UIKit-UserList-AppTests */ = {
			isa = PBXFileSystemSynchronizedRootGroup;
			path = "MVC-UIKit-UserList-AppTests";
			sourceTree = "<group>";
		};
		B096406F2F81E66500D21C35 /* MVC-UIKit-UserList-AppUITests */ = {
			isa = PBXFileSystemSynchronizedRootGroup;
			path = "MVC-UIKit-UserList-AppUITests";
			sourceTree = "<group>";
		};
/* End PBXFileSystemSynchronizedRootGroup section */

/* Begin PBXFrameworksBuildPhase section */
		B09640492F81E66400D21C35 /* Frameworks */ = {
			isa = PBXFrameworksBuildPhase;
			buildActionMask = 2147483647;
			files = (
			);
			runOnlyForDeploymentPostprocessing = 0;
		};
		B096405F2F81E66500D21C35 /* Frameworks */ = {
			isa = PBXFrameworksBuildPhase;
			buildActionMask = 2147483647;
			files = (
			);
			runOnlyForDeploymentPostprocessing = 0;
		};
		B09640692F81E66500D21C35 /* Frameworks */ = {
			isa = PBXFrameworksBuildPhase;
			buildActionMask = 2147483647;
			files = (
			);
			runOnlyForDeploymentPostprocessing = 0;
		};
/* End PBXFrameworksBuildPhase section */

/* Begin PBXGroup section */
		B09640432F81E66400D21C35 = {
			isa = PBXGroup;
			children = (
				B096404E2F81E66400D21C35 /* MVC-UIKit-UserList-App */,
				B09640652F81E66500D21C35 /* MVC-UIKit-UserList-AppTests */,
				B096406F2F81E66500D21C35 /* MVC-UIKit-UserList-AppUITests */,
				B096404D2F81E66400D21C35 /* Products */,
			);
			sourceTree = "<group>";
		};
		B096404D2F81E66400D21C35 /* Products */ = {
			isa = PBXGroup;
			children = (
				B096404C2F81E66400D21C35 /* MVC-UIKit-UserList-App.app */,
				B09640622F81E66500D21C35 /* MVC-UIKit-UserList-AppTests.xctest */,
				B096406C2F81E66500D21C35 /* MVC-UIKit-UserList-AppUITests.xctest */,
			);
			name = Products;
			sourceTree = "<group>";
		};
/* End PBXGroup section */

/* Begin PBXNativeTarget section */
		B096404B2F81E66400D21C35 /* MVC-UIKit-UserList-App */ = {
			isa = PBXNativeTarget;
			buildConfigurationList = B09640752F81E66500D21C35 /* Build configuration list for PBXNativeTarget "MVC-UIKit-UserList-App" */;
			buildPhases = (
				B09640482F81E66400D21C35 /* Sources */,
				B09640492F81E66400D21C35 /* Frameworks */,
				B096404A2F81E66400D21C35 /* Resources */,
			);
			buildRules = (
			);
			dependencies = (
			);
			fileSystemSynchronizedGroups = (
				B096404E2F81E66400D21C35 /* MVC-UIKit-UserList-App */,
			);
			name = "MVC-UIKit-UserList-App";
			packageProductDependencies = (
			);
			productName = "MVC-UIKit-UserList-App";
			productReference = B096404C2F81E66400D21C35 /* MVC-UIKit-UserList-App.app */;
			productType = "com.apple.product-type.application";
		};
		B09640612F81E66500D21C35 /* MVC-UIKit-UserList-AppTests */ = {
			isa = PBXNativeTarget;
			buildConfigurationList = B096407A2F81E66500D21C35 /* Build configuration list for PBXNativeTarget "MVC-UIKit-UserList-AppTests" */;
			buildPhases = (
				B096405E2F81E66500D21C35 /* Sources */,
				B096405F2F81E66500D21C35 /* Frameworks */,
				B09640602F81E66500D21C35 /* Resources */,
			);
			buildRules = (
			);
			dependencies = (
				B09640642F81E66500D21C35 /* PBXTargetDependency */,
			);
			fileSystemSynchronizedGroups = (
				B09640652F81E66500D21C35 /* MVC-UIKit-UserList-AppTests */,
			);
			name = "MVC-UIKit-UserList-AppTests";
			packageProductDependencies = (
			);
			productName = "MVC-UIKit-UserList-AppTests";
			productReference = B09640622F81E66500D21C35 /* MVC-UIKit-UserList-AppTests.xctest */;
			productType = "com.apple.product-type.bundle.unit-test";
		};
		B096406B2F81E66500D21C35 /* MVC-UIKit-UserList-AppUITests */ = {
			isa = PBXNativeTarget;
			buildConfigurationList = B096407D2F81E66500D21C35 /* Build configuration list for PBXNativeTarget "MVC-UIKit-UserList-AppUITests" */;
			buildPhases = (
				B09640682F81E66500D21C35 /* Sources */,
				B09640692F81E66500D21C35 /* Frameworks */,
				B096406A2F81E66500D21C35 /* Resources */,
			);
			buildRules = (
			);
			dependencies = (
				B096406E2F81E66500D21C35 /* PBXTargetDependency */,
			);
			fileSystemSynchronizedGroups = (
				B096406F2F81E66500D21C35 /* MVC-UIKit-UserList-AppUITests */,
			);
			name = "MVC-UIKit-UserList-AppUITests";
			packageProductDependencies = (
			);
			productName = "MVC-UIKit-UserList-AppUITests";
			productReference = B096406C2F81E66500D21C35 /* MVC-UIKit-UserList-AppUITests.xctest */;
			productType = "com.apple.product-type.bundle.ui-testing";
		};
/* End PBXNativeTarget section */

/* Begin PBXProject section */
		B09640442F81E66400D21C35 /* Project object */ = {
			isa = PBXProject;
			attributes = {
				BuildIndependentTargetsInParallel = 1;
				LastSwiftUpdateCheck = 2630;
				LastUpgradeCheck = 2630;
				TargetAttributes = {
					B096404B2F81E66400D21C35 = {
						CreatedOnToolsVersion = 26.3;
					};
					B09640612F81E66500D21C35 = {
						CreatedOnToolsVersion = 26.3;
						TestTargetID = B096404B2F81E66400D21C35;
					};
					B096406B2F81E66500D21C35 = {
						CreatedOnToolsVersion = 26.3;
						TestTargetID = B096404B2F81E66400D21C35;
					};
				};
			};
			buildConfigurationList = B09640472F81E66400D21C35 /* Build configuration list for PBXProject "MVC-UIKit-UserList-App" */;
			developmentRegion = en;
			hasScannedForEncodings = 0;
			knownRegions = (
				en,
				Base,
			);
			mainGroup = B09640432F81E66400D21C35;
			minimizedProjectReferenceProxies = 1;
			preferredProjectObjectVersion = 77;
			productRefGroup = B096404D2F81E66400D21C35 /* Products */;
			projectDirPath = "";
			projectRoot = "";
			targets = (
				B096404B2F81E66400D21C35 /* MVC-UIKit-UserList-App */,
				B09640612F81E66500D21C35 /* MVC-UIKit-UserList-AppTests */,
				B096406B2F81E66500D21C35 /* MVC-UIKit-UserList-AppUITests */,
			);
		};
/* End PBXProject section */

/* Begin PBXResourcesBuildPhase section */
		B096404A2F81E66400D21C35 /* Resources */ = {
			isa = PBXResourcesBuildPhase;
			buildActionMask = 2147483647;
			files = (
			);
			runOnlyForDeploymentPostprocessing = 0;
		};
		B09640602F81E66500D21C35 /* Resources */ = {
			isa = PBXResourcesBuildPhase;
			buildActionMask = 2147483647;
			files = (
			);
			runOnlyForDeploymentPostprocessing = 0;
		};
		B096406A2F81E66500D21C35 /* Resources */ = {
			isa = PBXResourcesBuildPhase;
			buildActionMask = 2147483647;
			files = (
			);
			runOnlyForDeploymentPostprocessing = 0;
		};
/* End PBXResourcesBuildPhase section */

/* Begin PBXSourcesBuildPhase section */
		B09640482F81E66400D21C35 /* Sources */ = {
			isa = PBXSourcesBuildPhase;
			buildActionMask = 2147483647;
			files = (
			);
			runOnlyForDeploymentPostprocessing = 0;
		};
		B096405E2F81E66500D21C35 /* Sources */ = {
			isa = PBXSourcesBuildPhase;
			buildActionMask = 2147483647;
			files = (
			);
			runOnlyForDeploymentPostprocessing = 0;
		};
		B09640682F81E66500D21C35 /* Sources */ = {
			isa = PBXSourcesBuildPhase;
			buildActionMask = 2147483647;
			files = (
			);
			runOnlyForDeploymentPostprocessing = 0;
		};
/* End PBXSourcesBuildPhase section */

/* Begin PBXTargetDependency section */
		B09640642F81E66500D21C35 /* PBXTargetDependency */ = {
			isa = PBXTargetDependency;
			target = B096404B2F81E66400D21C35 /* MVC-UIKit-UserList-App */;
			targetProxy = B09640632F81E66500D21C35 /* PBXContainerItemProxy */;
		};
		B096406E2F81E66500D21C35 /* PBXTargetDependency */ = {
			isa = PBXTargetDependency;
			target = B096404B2F81E66400D21C35 /* MVC-UIKit-UserList-App */;
			targetProxy = B096406D2F81E66500D21C35 /* PBXContainerItemProxy */;
		};
/* End PBXTargetDependency section */

/* Begin XCBuildConfiguration section */
		B09640762F81E66500D21C35 /* Debug */ = {
			isa = XCBuildConfiguration;
			buildSettings = {
				ASSETCATALOG_COMPILER_APPICON_NAME = AppIcon;
				ASSETCATALOG_COMPILER_GLOBAL_ACCENT_COLOR_NAME = AccentColor;
				CODE_SIGN_STYLE = Automatic;
				CURRENT_PROJECT_VERSION = 1;
				DEVELOPMENT_TEAM = NY42UDL4VH;
				GENERATE_INFOPLIST_FILE = YES;
				INFOPLIST_FILE = "MVC-UIKit-UserList-App/Info.plist";
				INFOPLIST_KEY_UIApplicationSupportsIndirectInputEvents = YES;
				INFOPLIST_KEY_UILaunchStoryboardName = LaunchScreen;
				INFOPLIST_KEY_UIMainStoryboardFile = Main;
				INFOPLIST_KEY_UISupportedInterfaceOrientations_iPad = "UIInterfaceOrientationPortrait UIInterfaceOrientationPortraitUpsideDown UIInterfaceOrientationLandscapeLeft UIInterfaceOrientationLandscapeRight";
				INFOPLIST_KEY_UISupportedInterfaceOrientations_iPhone = "UIInterfaceOrientationPortrait UIInterfaceOrientationLandscapeLeft UIInterfaceOrientationLandscapeRight";
				LD_RUNPATH_SEARCH_PATHS = (
					"$(inherited)",
					"@executable_path/Frameworks",
				);
				MARKETING_VERSION = 1.0;
				PRODUCT_BUNDLE_IDENTIFIER = "MVC-UIKit-UserList.MVC-UIKit-UserList-App";
				PRODUCT_NAME = "$(TARGET_NAME)";
				STRING_CATALOG_GENERATE_SYMBOLS = YES;
				SWIFT_APPROACHABLE_CONCURRENCY = YES;
				SWIFT_DEFAULT_ACTOR_ISOLATION = MainActor;
				SWIFT_EMIT_LOC_STRINGS = YES;
				SWIFT_UPCOMING_FEATURE_MEMBER_IMPORT_VISIBILITY = YES;
				SWIFT_VERSION = 5.0;
				TARGETED_DEVICE_FAMILY = "1,2";
			};
			name = Debug;
		};
		B09640772F81E66500D21C35 /* Release */ = {
			isa = XCBuildConfiguration;
			buildSettings = {
				ASSETCATALOG_COMPILER_APPICON_NAME = AppIcon;
				ASSETCATALOG_COMPILER_GLOBAL_ACCENT_COLOR_NAME = AccentColor;
				CODE_SIGN_STYLE = Automatic;
				CURRENT_PROJECT_VERSION = 1;
				DEVELOPMENT_TEAM = NY42UDL4VH;
				GENERATE_INFOPLIST_FILE = YES;
				INFOPLIST_FILE = "MVC-UIKit-UserList-App/Info.plist";
				INFOPLIST_KEY_UIApplicationSupportsIndirectInputEvents = YES;
				INFOPLIST_KEY_UILaunchStoryboardName = LaunchScreen;
				INFOPLIST_KEY_UIMainStoryboardFile = Main;
				INFOPLIST_KEY_UISupportedInterfaceOrientations_iPad = "UIInterfaceOrientationPortrait UIInterfaceOrientationPortraitUpsideDown UIInterfaceOrientationLandscapeLeft UIInterfaceOrientationLandscapeRight";
				INFOPLIST_KEY_UISupportedInterfaceOrientations_iPhone = "UIInterfaceOrientationPortrait UIInterfaceOrientationLandscapeLeft UIInterfaceOrientationLandscapeRight";
				LD_RUNPATH_SEARCH_PATHS = (
					"$(inherited)",
					"@executable_path/Frameworks",
				);
				MARKETING_VERSION = 1.0;
				PRODUCT_BUNDLE_IDENTIFIER = "MVC-UIKit-UserList.MVC-UIKit-UserList-App";
				PRODUCT_NAME = "$(TARGET_NAME)";
				STRING_CATALOG_GENERATE_SYMBOLS = YES;
				SWIFT_APPROACHABLE_CONCURRENCY = YES;
				SWIFT_DEFAULT_ACTOR_ISOLATION = MainActor;
				SWIFT_EMIT_LOC_STRINGS = YES;
				SWIFT_UPCOMING_FEATURE_MEMBER_IMPORT_VISIBILITY = YES;
				SWIFT_VERSION = 5.0;
				TARGETED_DEVICE_FAMILY = "1,2";
			};
			name = Release;
		};
		B09640782F81E66500D21C35 /* Debug */ = {
			isa = XCBuildConfiguration;
			buildSettings = {
				ALWAYS_SEARCH_USER_PATHS = NO;
				ASSETCATALOG_COMPILER_GENERATE_SWIFT_ASSET_SYMBOL_EXTENSIONS = YES;
				CLANG_ANALYZER_NONNULL = YES;
				CLANG_ANALYZER_NUMBER_OBJECT_CONVERSION = YES_AGGRESSIVE;
				CLANG_CXX_LANGUAGE_STANDARD = "gnu++20";
				CLANG_ENABLE_MODULES = YES;
				CLANG_ENABLE_OBJC_ARC = YES;
				CLANG_ENABLE_OBJC_WEAK = YES;
				CLANG_WARN_BLOCK_CAPTURE_AUTORELEASING = YES;
				CLANG_WARN_BOOL_CONVERSION = YES;
				CLANG_WARN_COMMA = YES;
				CLANG_WARN_CONSTANT_CONVERSION = YES;
				CLANG_WARN_DEPRECATED_OBJC_IMPLEMENTATIONS = YES;
				CLANG_WARN_DIRECT_OBJC_ISA_USAGE = YES_ERROR;
				CLANG_WARN_DOCUMENTATION_COMMENTS = YES;
				CLANG_WARN_EMPTY_BODY = YES;
				CLANG_WARN_ENUM_CONVERSION = YES;
				CLANG_WARN_INFINITE_RECURSION = YES;
				CLANG_WARN_INT_CONVERSION = YES;
				CLANG_WARN_NON_LITERAL_NULL_CONVERSION = YES;
				CLANG_WARN_OBJC_IMPLICIT_RETAIN_SELF = YES;
				CLANG_WARN_OBJC_LITERAL_CONVERSION = YES;
				CLANG_WARN_OBJC_ROOT_CLASS = YES_ERROR;
				CLANG_WARN_QUOTED_INCLUDE_IN_FRAMEWORK_HEADER = YES;
				CLANG_WARN_RANGE_LOOP_ANALYSIS = YES;
				CLANG_WARN_STRICT_PROTOTYPES = YES;
				CLANG_WARN_SUSPICIOUS_MOVE = YES;
				CLANG_WARN_UNGUARDED_AVAILABILITY = YES_AGGRESSIVE;
				CLANG_WARN_UNREACHABLE_CODE = YES;
				CLANG_WARN__DUPLICATE_METHOD_MATCH = YES;
				COPY_PHASE_STRIP = NO;
				DEBUG_INFORMATION_FORMAT = dwarf;
				DEVELOPMENT_TEAM = NY42UDL4VH;
				ENABLE_STRICT_OBJC_MSGSEND = YES;
				ENABLE_TESTABILITY = YES;
				ENABLE_USER_SCRIPT_SANDBOXING = YES;
				GCC_C_LANGUAGE_STANDARD = gnu17;
				GCC_DYNAMIC_NO_PIC = NO;
				GCC_NO_COMMON_BLOCKS = YES;
				GCC_OPTIMIZATION_LEVEL = 0;
				GCC_PREPROCESSOR_DEFINITIONS = (
					"DEBUG=1",
					"$(inherited)",
				);
				GCC_WARN_64_TO_32_BIT_CONVERSION = YES;
				GCC_WARN_ABOUT_RETURN_TYPE = YES_ERROR;
				GCC_WARN_UNDECLARED_SELECTOR = YES;
				GCC_WARN_UNINITIALIZED_AUTOS = YES_AGGRESSIVE;
				GCC_WARN_UNUSED_FUNCTION = YES;
				GCC_WARN_UNUSED_VARIABLE = YES;
				IPHONEOS_DEPLOYMENT_TARGET = 26.2;
				LOCALIZATION_PREFERS_STRING_CATALOGS = YES;
				MTL_ENABLE_DEBUG_INFO = INCLUDE_SOURCE;
				MTL_FAST_MATH = YES;
				ONLY_ACTIVE_ARCH = YES;
				SDKROOT = iphoneos;
				SWIFT_ACTIVE_COMPILATION_CONDITIONS = "DEBUG $(inherited)";
				SWIFT_OPTIMIZATION_LEVEL = "-Onone";
			};
			name = Debug;
		};
		B09640792F81E66500D21C35 /* Release */ = {
			isa = XCBuildConfiguration;
			buildSettings = {
				ALWAYS_SEARCH_USER_PATHS = NO;
				ASSETCATALOG_COMPILER_GENERATE_SWIFT_ASSET_SYMBOL_EXTENSIONS = YES;
				CLANG_ANALYZER_NONNULL = YES;
				CLANG_ANALYZER_NUMBER_OBJECT_CONVERSION = YES_AGGRESSIVE;
				CLANG_CXX_LANGUAGE_STANDARD = "gnu++20";
				CLANG_ENABLE_MODULES = YES;
				CLANG_ENABLE_OBJC_ARC = YES;
				CLANG_ENABLE_OBJC_WEAK = YES;
				CLANG_WARN_BLOCK_CAPTURE_AUTORELEASING = YES;
				CLANG_WARN_BOOL_CONVERSION = YES;
				CLANG_WARN_COMMA = YES;
				CLANG_WARN_CONSTANT_CONVERSION = YES;
				CLANG_WARN_DEPRECATED_OBJC_IMPLEMENTATIONS = YES;
				CLANG_WARN_DIRECT_OBJC_ISA_USAGE = YES_ERROR;
				CLANG_WARN_DOCUMENTATION_COMMENTS = YES;
				CLANG_WARN_EMPTY_BODY = YES;
				CLANG_WARN_ENUM_CONVERSION = YES;
				CLANG_WARN_INFINITE_RECURSION = YES;
				CLANG_WARN_INT_CONVERSION = YES;
				CLANG_WARN_NON_LITERAL_NULL_CONVERSION = YES;
				CLANG_WARN_OBJC_IMPLICIT_RETAIN_SELF = YES;
				CLANG_WARN_OBJC_LITERAL_CONVERSION = YES;
				CLANG_WARN_OBJC_ROOT_CLASS = YES_ERROR;
				CLANG_WARN_QUOTED_INCLUDE_IN_FRAMEWORK_HEADER = YES;
				CLANG_WARN_RANGE_LOOP_ANALYSIS = YES;
				CLANG_WARN_STRICT_PROTOTYPES = YES;
				CLANG_WARN_SUSPICIOUS_MOVE = YES;
				CLANG_WARN_UNGUARDED_AVAILABILITY = YES_AGGRESSIVE;
				CLANG_WARN_UNREACHABLE_CODE = YES;
				CLANG_WARN__DUPLICATE_METHOD_MATCH = YES;
				COPY_PHASE_STRIP = NO;
				DEBUG_INFORMATION_FORMAT = "dwarf-with-dsym";
				DEVELOPMENT_TEAM = NY42UDL4VH;
				ENABLE_NS_ASSERTIONS = NO;
				ENABLE_STRICT_OBJC_MSGSEND = YES;
				ENABLE_USER_SCRIPT_SANDBOXING = YES;
				GCC_C_LANGUAGE_STANDARD = gnu17;
				GCC_NO_COMMON_BLOCKS = YES;
				GCC_WARN_64_TO_32_BIT_CONVERSION = YES;
				GCC_WARN_ABOUT_RETURN_TYPE = YES_ERROR;
				GCC_WARN_UNDECLARED_SELECTOR = YES;
				GCC_WARN_UNINITIALIZED_AUTOS = YES_AGGRESSIVE;
				GCC_WARN_UNUSED_FUNCTION = YES;
				GCC_WARN_UNUSED_VARIABLE = YES;
				IPHONEOS_DEPLOYMENT_TARGET = 26.2;
				LOCALIZATION_PREFERS_STRING_CATALOGS = YES;
				MTL_ENABLE_DEBUG_INFO = NO;
				MTL_FAST_MATH = YES;
				SDKROOT = iphoneos;
				SWIFT_COMPILATION_MODE = wholemodule;
				VALIDATE_PRODUCT = YES;
			};
			name = Release;
		};
		B096407B2F81E66500D21C35 /* Debug */ = {
			isa = XCBuildConfiguration;
			buildSettings = {
				BUNDLE_LOADER = "$(TEST_HOST)";
				CODE_SIGN_STYLE = Automatic;
				CURRENT_PROJECT_VERSION = 1;
				DEVELOPMENT_TEAM = NY42UDL4VH;
				GENERATE_INFOPLIST_FILE = YES;
				IPHONEOS_DEPLOYMENT_TARGET = 26.2;
				MARKETING_VERSION = 1.0;
				PRODUCT_BUNDLE_IDENTIFIER = "MVC-UIKit-UserList.MVC-UIKit-UserList-AppTests";
				PRODUCT_NAME = "$(TARGET_NAME)";
				STRING_CATALOG_GENERATE_SYMBOLS = NO;
				SWIFT_APPROACHABLE_CONCURRENCY = YES;
				SWIFT_EMIT_LOC_STRINGS = NO;
				SWIFT_UPCOMING_FEATURE_MEMBER_IMPORT_VISIBILITY = YES;
				SWIFT_VERSION = 5.0;
				TARGETED_DEVICE_FAMILY = "1,2";
				TEST_HOST = "$(BUILT_PRODUCTS_DIR)/MVC-UIKit-UserList-App.app/$(BUNDLE_EXECUTABLE_FOLDER_PATH)/MVC-UIKit-UserList-App";
			};
			name = Debug;
		};
		B096407C2F81E66500D21C35 /* Release */ = {
			isa = XCBuildConfiguration;
			buildSettings = {
				BUNDLE_LOADER = "$(TEST_HOST)";
				CODE_SIGN_STYLE = Automatic;
				CURRENT_PROJECT_VERSION = 1;
				DEVELOPMENT_TEAM = NY42UDL4VH;
				GENERATE_INFOPLIST_FILE = YES;
				IPHONEOS_DEPLOYMENT_TARGET = 26.2;
				MARKETING_VERSION = 1.0;
				PRODUCT_BUNDLE_IDENTIFIER = "MVC-UIKit-UserList.MVC-UIKit-UserList-AppTests";
				PRODUCT_NAME = "$(TARGET_NAME)";
				STRING_CATALOG_GENERATE_SYMBOLS = NO;
				SWIFT_APPROACHABLE_CONCURRENCY = YES;
				SWIFT_EMIT_LOC_STRINGS = NO;
				SWIFT_UPCOMING_FEATURE_MEMBER_IMPORT_VISIBILITY = YES;
				SWIFT_VERSION = 5.0;
				TARGETED_DEVICE_FAMILY = "1,2";
				TEST_HOST = "$(BUILT_PRODUCTS_DIR)/MVC-UIKit-UserList-App.app/$(BUNDLE_EXECUTABLE_FOLDER_PATH)/MVC-UIKit-UserList-App";
			};
			name = Release;
		};
		B096407E2F81E66500D21C35 /* Debug */ = {
			isa = XCBuildConfiguration;
			buildSettings = {
				CODE_SIGN_STYLE = Automatic;
				CURRENT_PROJECT_VERSION = 1;
				DEVELOPMENT_TEAM = NY42UDL4VH;
				GENERATE_INFOPLIST_FILE = YES;
				MARKETING_VERSION = 1.0;
				PRODUCT_BUNDLE_IDENTIFIER = "MVC-UIKit-UserList.MVC-UIKit-UserList-AppUITests";
				PRODUCT_NAME = "$(TARGET_NAME)";
				STRING_CATALOG_GENERATE_SYMBOLS = NO;
				SWIFT_APPROACHABLE_CONCURRENCY = YES;
				SWIFT_EMIT_LOC_STRINGS = NO;
				SWIFT_UPCOMING_FEATURE_MEMBER_IMPORT_VISIBILITY = YES;
				SWIFT_VERSION = 5.0;
				TARGETED_DEVICE_FAMILY = "1,2";
				TEST_TARGET_NAME = "MVC-UIKit-UserList-App";
			};
			name = Debug;
		};
		B096407F2F81E66500D21C35 /* Release */ = {
			isa = XCBuildConfiguration;
			buildSettings = {
				CODE_SIGN_STYLE = Automatic;
				CURRENT_PROJECT_VERSION = 1;
				DEVELOPMENT_TEAM = NY42UDL4VH;
				GENERATE_INFOPLIST_FILE = YES;
				MARKETING_VERSION = 1.0;
				PRODUCT_BUNDLE_IDENTIFIER = "MVC-UIKit-UserList.MVC-UIKit-UserList-AppUITests";
				PRODUCT_NAME = "$(TARGET_NAME)";
				STRING_CATALOG_GENERATE_SYMBOLS = NO;
				SWIFT_APPROACHABLE_CONCURRENCY = YES;
				SWIFT_EMIT_LOC_STRINGS = NO;
				SWIFT_UPCOMING_FEATURE_MEMBER_IMPORT_VISIBILITY = YES;
				SWIFT_VERSION = 5.0;
				TARGETED_DEVICE_FAMILY = "1,2";
				TEST_TARGET_NAME = "MVC-UIKit-UserList-App";
			};
			name = Release;
		};
/* End XCBuildConfiguration section */

/* Begin XCConfigurationList section */
		B09640472F81E66400D21C35 /* Build configuration list for PBXProject "MVC-UIKit-UserList-App" */ = {
			isa = XCConfigurationList;
			buildConfigurations = (
				B09640782F81E66500D21C35 /* Debug */,
				B09640792F81E66500D21C35 /* Release */,
			);
			defaultConfigurationIsVisible = 0;
			defaultConfigurationName = Release;
		};
		B09640752F81E66500D21C35 /* Build configuration list for PBXNativeTarget "MVC-UIKit-UserList-App" */ = {
			isa = XCConfigurationList;
			buildConfigurations = (
				B09640762F81E66500D21C35 /* Debug */,
				B09640772F81E66500D21C35 /* Release */,
			);
			defaultConfigurationIsVisible = 0;
			defaultConfigurationName = Release;
		};
		B096407A2F81E66500D21C35 /* Build configuration list for PBXNativeTarget "MVC-UIKit-UserList-AppTests" */ = {
			isa = XCConfigurationList;
			buildConfigurations = (
				B096407B2F81E66500D21C35 /* Debug */,
				B096407C2F81E66500D21C35 /* Release */,
			);
			defaultConfigurationIsVisible = 0;
			defaultConfigurationName = Release;
		};
		B096407D2F81E66500D21C35 /* Build configuration list for PBXNativeTarget "MVC-UIKit-UserList-AppUITests" */ = {
			isa = XCConfigurationList;
			buildConfigurations = (
				B096407E2F81E66500D21C35 /* Debug */,
				B096407F2F81E66500D21C35 /* Release */,
			);
			defaultConfigurationIsVisible = 0;
			defaultConfigurationName = Release;
		};
/* End XCConfigurationList section */
	};
	rootObject = B09640442F81E66400D21C35 /* Project object */;
}
